
Microsoft Visual Studio Solution File, Format Version 12.00
# Visual Studio Version 17
VisualStudioVersion = 17.1.32210.238
MinimumVisualStudioVersion = 10.0.40219.1
Project("{FAE04EC0-301F-11D3-BF4B-00C04F79EFBC}") = "QuanLyMyPham", "QuanLyMyPham.csproj", "{FBD8E94F-B41A-4F38-83E6-47E93E8FD255}"
EndProject
Global
	GlobalSection(SolutionConfigurationPlatforms) = preSolution
		Debug|Any CPU = Debug|Any CPU
		Release|Any CPU = Release|Any CPU
	EndGlobalSection
	GlobalSection(ProjectConfigurationPlatforms) = postSolution
		{FBD8E94F-B41A-4F38-83E6-47E93E8FD255}.Debug|Any CPU.ActiveCfg = Debug|Any CPU
		{FBD8E94F-B41A-4F38-83E6-47E93E8FD255}.Debug|Any CPU.Build.0 = Debug|Any CPU
		{FBD8E94F-B41A-4F38-83E6-47E93E8FD255}.Release|Any CPU.ActiveCfg = Release|Any CPU
		{FBD8E94F-B41A-4F38-83E6-47E93E8FD255}.Release|Any CPU.Build.0 = Release|Any CPU
	EndGlobalSection
	GlobalSection(SolutionProperties) = preSolution
		HideSolutionNode = FALSE
	EndGlobalSection
	GlobalSection(ExtensibilityGlobals) = postSolution
		SolutionGuid = {7D05EFE0-6E70-4774-B25C-0B32F576E5EB}
	EndGlobalSection
EndGlobal
